
Microsoft Visual Studio Solution File, Format Version 12.00
# Visual Studio Version 17
VisualStudioVersion = 17.12.35707.178 d17.12
MinimumVisualStudioVersion = 10.0.40219.1
Project("{FAE04EC0-301F-11D3-BF4B-00C04F79EFBC}") = "assignment c# 1.1", "assignment c# 1.1\assignment c# 1.1.csproj", "{C7274046-A2AF-48D3-B5F2-D8A509B06538}"
EndProject
Global
	GlobalSection(SolutionConfigurationPlatforms) = preSolution
		Debug|Any CPU = Debug|Any CPU
		Release|Any CPU = Release|Any CPU
	EndGlobalSection
	GlobalSection(ProjectConfigurationPlatforms) = postSolution
		{C7274046-A2AF-48D3-B5F2-D8A509B06538}.Debug|Any CPU.ActiveCfg = Debug|Any CPU
		{C7274046-A2AF-48D3-B5F2-D8A509B06538}.Debug|Any CPU.Build.0 = Debug|Any CPU
		{C7274046-A2AF-48D3-B5F2-D8A509B06538}.Release|Any CPU.ActiveCfg = Release|Any CPU
		{C7274046-A2AF-48D3-B5F2-D8A509B06538}.Release|Any CPU.Build.0 = Release|Any CPU
	EndGlobalSection
	GlobalSection(SolutionProperties) = preSolution
		HideSolutionNode = FALSE
	EndGlobalSection
EndGlobal
